
Microsoft Visual Studio Solution File, Format Version 12.00
# Visual Studio Version 16
VisualStudioVersion = 16.0.28527.54
MinimumVisualStudioVersion = 10.0.40219.1
Project("{9A19103F-16F7-4668-BE54-9A1E7A4F7556}") = "FryScript", "FryScript\FryScript.csproj", "{92C21261-4F81-49AF-A02F-0AC984386E67}"
EndProject
Project("{9A19103F-16F7-4668-BE54-9A1E7A4F7556}") = "FryScript.IntegrationTests", "FryScript.IntegrationTests\FryScript.IntegrationTests.csproj", "{142852CB-7C4C-47C1-8BEC-17D0C526C304}"
EndProject
Project("{FAE04EC0-301F-11D3-BF4B-00C04F79EFBC}") = "FryScript.UnitTests", "FryScript.UnitTests\FryScript.UnitTests.csproj", "{B09B1C91-9579-461C-88C8-3D03D7F959BC}"
EndProject
Global
	GlobalSection(SolutionConfigurationPlatforms) = preSolution
		Debug|Any CPU = Debug|Any CPU
		Release|Any CPU = Release|Any CPU
	EndGlobalSection
	GlobalSection(ProjectConfigurationPlatforms) = postSolution
		{92C21261-4F81-49AF-A02F-0AC984386E67}.Debug|Any CPU.ActiveCfg = Debug|Any CPU
		{92C21261-4F81-49AF-A02F-0AC984386E67}.Debug|Any CPU.Build.0 = Debug|Any CPU
		{92C21261-4F81-49AF-A02F-0AC984386E67}.Release|Any CPU.ActiveCfg = Release|Any CPU
		{92C21261-4F81-49AF-A02F-0AC984386E67}.Release|Any CPU.Build.0 = Release|Any CPU
		{142852CB-7C4C-47C1-8BEC-17D0C526C304}.Debug|Any CPU.ActiveCfg = Debug|Any CPU
		{142852CB-7C4C-47C1-8BEC-17D0C526C304}.Debug|Any CPU.Build.0 = Debug|Any CPU
		{142852CB-7C4C-47C1-8BEC-17D0C526C304}.Release|Any CPU.ActiveCfg = Release|Any CPU
		{142852CB-7C4C-47C1-8BEC-17D0C526C304}.Release|Any CPU.Build.0 = Release|Any CPU
		{B09B1C91-9579-461C-88C8-3D03D7F959BC}.Debug|Any CPU.ActiveCfg = Debug|Any CPU
		{B09B1C91-9579-461C-88C8-3D03D7F959BC}.Debug|Any CPU.Build.0 = Debug|Any CPU
		{B09B1C91-9579-461C-88C8-3D03D7F959BC}.Release|Any CPU.ActiveCfg = Release|Any CPU
		{B09B1C91-9579-461C-88C8-3D03D7F959BC}.Release|Any CPU.Build.0 = Release|Any CPU
	EndGlobalSection
	GlobalSection(SolutionProperties) = preSolution
		HideSolutionNode = FALSE
	EndGlobalSection
	GlobalSection(ExtensibilityGlobals) = postSolution
		SolutionGuid = {C50FCA85-5C51-49C9-BEAE-C7B99D4EE74D}
	EndGlobalSection
EndGlobal
